
Microsoft Visual Studio Solution File, Format Version 11.00
# Visual Studio 2010
# SharpDevelop 5.1
Project("{FAE04EC0-301F-11D3-BF4B-00C04F79EFBC}") = "MemoryManager", "MemoryManager\MemoryManager.csproj", "{8CEA3352-FD3E-4719-96B5-6C2C0B02949F}"
EndProject
Global
	GlobalSection(SolutionConfigurationPlatforms) = preSolution
		Debug|Any CPU = Debug|Any CPU
		Release|Any CPU = Release|Any CPU
	EndGlobalSection
	GlobalSection(ProjectConfigurationPlatforms) = postSolution
		{8CEA3352-FD3E-4719-96B5-6C2C0B02949F}.Debug|Any CPU.ActiveCfg = Debug|Any CPU
		{8CEA3352-FD3E-4719-96B5-6C2C0B02949F}.Debug|Any CPU.Build.0 = Debug|Any CPU
		{8CEA3352-FD3E-4719-96B5-6C2C0B02949F}.Release|Any CPU.ActiveCfg = Release|Any CPU
		{8CEA3352-FD3E-4719-96B5-6C2C0B02949F}.Release|Any CPU.Build.0 = Release|Any CPU
	EndGlobalSection
EndGlobal
